{
  "name": "ex-5",
  "lockfileVersion": 2,
  "requires": true,
  "packages": {
    "": {
      "dependencies": {
        "section6ex5": "github:pranjal-pathak/sec6ex5"
      }
    },
    "node_modules/section6ex5": {
      "version": "1.0.0",
      "resolved": "git+ssh://git@github.com/pranjal-pathak/sec6ex5.git#b8dba42045ec8e7da95b2082ee18e05de173fdf8",
      "license": "ISC"
    }
  },
  "dependencies": {
    "section6ex5": {
      "version": "git+ssh://git@github.com/pranjal-pathak/sec6ex5.git#b8dba42045ec8e7da95b2082ee18e05de173fdf8",
      "from": "section6ex5@https://github.com/pranjal-pathak/sec6ex5.git"
    }
  }
}
